Microsoft Visual Studio Solution File, Format Version 12.00
# Visual Studio Version 17
VisualStudioVersion = 17.5.2.0
MinimumVisualStudioVersion = 10.0.40219.1
Project("{2150E333-8FDC-42A3-9474-1A3956D46DE8}") = "backend", "backend", "{1AE8ACA6-933B-BF2A-3671-3E2EAC007D16}"
EndProject
Project("{FAE04EC0-301F-11D3-BF4B-00C04F79EFBC}") = "CesiumAI.Api", "backend\CesiumAI.Api\CesiumAI.Api.csproj", "{52ABCD97-5C84-EC56-0AAF-FB9FDFE7106C}"
EndProject
Project("{FAE04EC0-301F-11D3-BF4B-00C04F79EFBC}") = "CesiumAI.Api.Tests", "backend\CesiumAI.Api.Tests\CesiumAI.Api.Tests.csproj", "{C58E7B47-20C6-27CB-145F-7C0C7C51DFA7}"
EndProject
Global
	GlobalSection(SolutionConfigurationPlatforms) = preSolution
		Debug|Any CPU = Debug|Any CPU
		Release|Any CPU = Release|Any CPU
	EndGlobalSection
	GlobalSection(ProjectConfigurationPlatforms) = postSolution
		{52ABCD97-5C84-EC56-0AAF-FB9FDFE7106C}.Debug|Any CPU.ActiveCfg = Debug|Any CPU
		{52ABCD97-5C84-EC56-0AAF-FB9FDFE7106C}.Debug|Any CPU.Build.0 = Debug|Any CPU
		{52ABCD97-5C84-EC56-0AAF-FB9FDFE7106C}.Release|Any CPU.ActiveCfg = Release|Any CPU
		{52ABCD97-5C84-EC56-0AAF-FB9FDFE7106C}.Release|Any CPU.Build.0 = Release|Any CPU
		{C58E7B47-20C6-27CB-145F-7C0C7C51DFA7}.Debug|Any CPU.ActiveCfg = Debug|Any CPU
		{C58E7B47-20C6-27CB-145F-7C0C7C51DFA7}.Debug|Any CPU.Build.0 = Debug|Any CPU
		{C58E7B47-20C6-27CB-145F-7C0C7C51DFA7}.Release|Any CPU.ActiveCfg = Release|Any CPU
		{C58E7B47-20C6-27CB-145F-7C0C7C51DFA7}.Release|Any CPU.Build.0 = Release|Any CPU
	EndGlobalSection
	GlobalSection(SolutionProperties) = preSolution
		HideSolutionNode = FALSE
	EndGlobalSection
	GlobalSection(NestedProjects) = preSolution
		{52ABCD97-5C84-EC56-0AAF-FB9FDFE7106C} = {1AE8ACA6-933B-BF2A-3671-3E2EAC007D16}
		{C58E7B47-20C6-27CB-145F-7C0C7C51DFA7} = {1AE8ACA6-933B-BF2A-3671-3E2EAC007D16}
	EndGlobalSection
	GlobalSection(ExtensibilityGlobals) = postSolution
		SolutionGuid = {59CADA72-2C6A-496F-9369-5509A92AFDE4}
	EndGlobalSection
EndGlobal
